PODS:
  - AFNetworking (3.1.0):
    - AFNetworking/NSURLSession (= 3.1.0)
    - AFNetworking/Reachability (= 3.1.0)
    - AFNetworking/Security (= 3.1.0)
    - AFNetworking/Serialization (= 3.1.0)
    - AFNetworking/UIKit (= 3.1.0)
  - AFNetworking/NSURLSession (3.1.0):
    - AFNetworking/Reachability
    - AFNetworking/Security
    - AFNetworking/Serialization
  - AFNetworking/Reachability (3.1.0)
  - AFNetworking/Security (3.1.0)
  - AFNetworking/Serialization (3.1.0)
  - AFNetworking/UIKit (3.1.0):
    - AFNetworking/NSURLSession
  - Base64 (1.1.2)
  - DACircularProgress (2.3.1)
  - FMDB (2.6.2):
    - FMDB/standard (= 2.6.2)
  - FMDB/standard (2.6.2)
  - HappyDNS (0.3.10)
  - LKDBHelper (2.3.5):
    - FMDB
  - Masonry (1.0.2)
  - MBProgressHUD (0.9.2)
  - MJExtension (3.0.13)
  - MJRefresh (3.1.12)
  - MTDates (1.0.3)
  - MWPhotoBrowser (2.1.2):
    - DACircularProgress (~> 2.3)
    - MBProgressHUD (~> 0.9)
    - SDWebImage (!= 3.7.2, ~> 3.7)
  - OpenUDID (1.0.0)
  - Qiniu (7.0.20):
    - AFNetworking (~> 3)
    - HappyDNS (~> 0.3)
  - ReactiveObjC (3.0.0)
  - SDCycleScrollView (1.65):
    - SDWebImage (~> 3.7)
  - SDWebImage (3.8.2):
    - SDWebImage/Core (= 3.8.2)
  - SDWebImage/Core (3.8.2)
  - TZImagePickerController (1.6.8)
  - UITableView+FDTemplateLayoutCell (1.6)
  - UMengAnalytics (4.0.4)
  - VTMagic (1.2.4):
    - VTMagic/Core (= 1.2.4)
  - VTMagic/Core (1.2.4)
  - YYText (1.0.7)

DEPENDENCIES:
  - AFNetworking (~> 3.1.0)
  - Base64 (~> 1.1.2)
  - FMDB (~> 2.6.2)
  - LKDBHelper (~> 2.3.4)
  - Masonry (~> 1.0.1)
  - MBProgressHUD (~> 0.9)
  - MJExtension (~> 3.0.13)
  - MJRefresh (~> 3.1.12)
  - MTDates (~> 1.0.3)
  - MWPhotoBrowser (~> 2.1.2)
  - OpenUDID (~> 1.0.0)
  - Qiniu (from `https://github.com/qiniu/objc-sdk.git`, branch `AFNetworking-3.x`)
  - ReactiveObjC (~> 3.0.0)
  - SDCycleScrollView (~> 1.65)
  - SDWebImage (~> 3.7)
  - TZImagePickerController (~> 1.6.3)
  - UITableView+FDTemplateLayoutCell (~> 1.5.beta)
  - UMengAnalytics (~> 4.0.4)
  - VTMagic (~> 1.2.4)
  - YYText

EXTERNAL SOURCES:
  Qiniu:
    :branch: AFNetworking-3.x
    :git: https://github.com/qiniu/objc-sdk.git

CHECKOUT OPTIONS:
  Qiniu:
    :commit: 425fb4d50f39149685ee33914ac948156616408e
    :git: https://github.com/qiniu/objc-sdk.git

SPEC CHECKSUMS:
  AFNetworking: 5e0e199f73d8626b11e79750991f5d173d1f8b67
  Base64: cecfb41a004124895a7bcee567a89bae5a89d49b
  DACircularProgress: 4dd437c0fc3da5161cb289e07ac449493d41db71
  FMDB: 854a0341b4726e53276f2a8996f06f1b80f9259a
  HappyDNS: 06a9fed2796663fd87626dbf02552933265bf059
  LKDBHelper: 23e114721d862fcf1d2f0b59bfddf60899562010
  Masonry: 7c429b56da9d4ee0bbb3ed77a5ea710d6a5df39e
  MBProgressHUD: 1569cf7ace17a8bac47aabfbb8580a49690386d1
  MJExtension: 5932755f451458eefa24239358817f8d291240c7
  MJRefresh: b96cdb21c4aa75a7b07654311ab2f315c497e806
  MTDates: c65affdfb7b34001c5c9e3fe0beac4b1b8334a58
  MWPhotoBrowser: 5836d7aa041dc05a13de380c246826578adc5ea5
  OpenUDID: e7cb6984c7304906ad20f3a36bf087b025896b6b
  Qiniu: 4dbf1e6acb3236c4d7251046a17d08b16d21fcfe
  ReactiveObjC: ce79989e8684b9086b5f8d0c74bc7b81a8729c9e
  SDCycleScrollView: f72904c77698a7f93a41bcbbc2d78b073bf7326c
  SDWebImage: 098e97e6176540799c27e804c96653ee0833d13c
  TZImagePickerController: fdb508b0ab14310728fb0d7eb418a7ee0acea741
  UITableView+FDTemplateLayoutCell: 5c949b4a5059c404b442926c0e80f81d10a2d66f
  UMengAnalytics: 4ed421fb3bca63b26fc13c947743cabf3831d199
  VTMagic: b49e5f456dbcbfd9a3588ba92417233a105bc193
  YYText: 5c461d709e24d55a182d1441c41dc639a18a4849

PODFILE CHECKSUM: 952ad8e7cb81ee82ecbf2e3e95457e1d674bbd51

COCOAPODS: 1.2.0
